{
  "name": "bunsen-datarchive-test",
  "version": "1.0.0",
  "lockfileVersion": 1,
  "requires": true,
  "dependencies": {
    "@material/animation": {
      "version": "0.41.0",
      "resolved": "https://registry.npmjs.org/@material/animation/-/animation-0.41.0.tgz",
      "integrity": "sha512-yYAwJbX3Q2AFd4dr6IYOsWLQy2HN8zWOFVl9AbUXunjzTfJCa/ecfXCriaT6qkmoNoHeTdJHRrsQJZC5GsPvzA=="
    },
    "@material/auto-init": {
      "version": "0.41.0",
      "resolved": "https://registry.npmjs.org/@material/auto-init/-/auto-init-0.41.0.tgz",
      "integrity": "sha512-jp6L8MpYu7DudgDfA8iTyD9BwQrYPEDsIJGbqzN9vcCBl5FoBatkB8pcFXKr+1mRBk7T1Qmf6+H5nDtxyXjHEQ=="
    },
    "@material/base": {
      "version": "0.41.0",
      "resolved": "https://registry.npmjs.org/@material/base/-/base-0.41.0.tgz",
      "integrity": "sha512-tEyzwBRu3d1H120SfKsDVYZHcqT5lKohh/7cWKR93aAaPDkSvjpKJIjyu2yuSkjpDduVZGzVocYbOvhUKhhzXQ=="
    },
    "@material/button": {
      "version": "0.41.0",
      "resolved": "https://registry.npmjs.org/@material/button/-/button-0.41.0.tgz",
      "integrity": "sha512-9mA/7P8yD3YPJ8ijwu0oOiT65OCa8Km3M9OF6VAsBE+XJS9Wo5hWDMgkv16raeOFeXj+1ALsjvuTz31JdcSkgQ==",
      "requires": {
        "@material/elevation": "0.41.0",
        "@material/ripple": "0.41.0",
        "@material/rtl": "0.40.1",
        "@material/shape": "0.41.0",
        "@material/theme": "0.41.0",
        "@material/typography": "0.41.0"
      }
    },
    "@material/card": {
      "version": "0.41.1",
      "resolved": "https://registry.npmjs.org/@material/card/-/card-0.41.1.tgz",
      "integrity": "sha512-0L3BkkHK9qRXNh9MOK4XkCYHmZcqwLK5gACIWSLDOjEefmifBeahJeDJSYLVHS9KWl43glIGSrpNGjyXs19mCQ==",
      "requires": {
        "@material/elevation": "0.41.0",
        "@material/ripple": "0.41.0",
        "@material/rtl": "0.40.1",
        "@material/shape": "0.41.0",
        "@material/theme": "0.41.0"
      }
    },
    "@material/checkbox": {
      "version": "0.41.0",
      "resolved": "https://registry.npmjs.org/@material/checkbox/-/checkbox-0.41.0.tgz",
      "integrity": "sha512-Zz6e5WRpziO7Z+4rbEs8GHNNBf1UuttniLp6/RvwPSQRaD8G04sdg4HcP/aDCY1KGMwivkuDPc2Bsgs6j+rD7Q==",
      "requires": {
        "@material/animation": "0.41.0",
        "@material/base": "0.41.0",
        "@material/ripple": "0.41.0",
        "@material/rtl": "0.40.1",
        "@material/selection-control": "0.41.0",
        "@material/theme": "0.41.0"
      }
    },
    "@material/chips": {
      "version": "0.41.0",
      "resolved": "https://registry.npmjs.org/@material/chips/-/chips-0.41.0.tgz",
      "integrity": "sha512-Z2q01n4JdRR2f2fdYNCftmgu0M8wu8PZUeQTK3e3zVkQyRdmXcbqMbLHRawVWuXORC8/mIA6tuTtOEqle/Qj9w==",
      "requires": {
        "@material/animation": "0.41.0",
        "@material/base": "0.41.0",
        "@material/checkbox": "0.41.0",
        "@material/elevation": "0.41.0",
        "@material/ripple": "0.41.0",
        "@material/shape": "0.41.0",
        "@material/theme": "0.41.0",
        "@material/typography": "0.41.0"
      }
    },
    "@material/dialog": {
      "version": "0.41.0",
      "resolved": "https://registry.npmjs.org/@material/dialog/-/dialog-0.41.0.tgz",
      "integrity": "sha512-IhRMGTr/41/D0lhagvshCtzI4d9+ynE7FFjpQXc6GU81pHHGt0eYt5vQl3Z/DsatOCdBd+Nc3YDTyJX8OA+8CQ==",
      "requires": {
        "@material/animation": "0.41.0",
        "@material/base": "0.41.0",
        "@material/dom": "0.41.0",
        "@material/elevation": "0.41.0",
        "@material/ripple": "0.41.0",
        "@material/rtl": "0.40.1",
        "@material/shape": "0.41.0",
        "@material/theme": "0.41.0",
        "@material/typography": "0.41.0",
        "focus-trap": "2.4.6"
      }
    },
    "@material/dom": {
      "version": "0.41.0",
      "resolved": "https://registry.npmjs.org/@material/dom/-/dom-0.41.0.tgz",
      "integrity": "sha512-wOJrMwjPddYXpQFZAIaCLWI3TO/6KU1lxESTBzunni8A4FHQVWhokml5Xt85GqZwmPFeIF2s+D0wfbWyrGBuKQ=="
    },
    "@material/drawer": {
      "version": "0.41.1",
      "resolved": "https://registry.npmjs.org/@material/drawer/-/drawer-0.41.1.tgz",
      "integrity": "sha512-4t9ARGaIg8jpXIqD8hy4kcZ0hsF7y25gk2jNQAYG8ukQuDgbenjydlNFnC+I/eWBVIKqnVBlens+4ZUns+n3hg==",
      "requires": {
        "@material/animation": "0.41.0",
        "@material/base": "0.41.0",
        "@material/elevation": "0.41.0",
        "@material/list": "0.41.0",
        "@material/ripple": "0.41.0",
        "@material/rtl": "0.40.1",
        "@material/shape": "0.41.0",
        "@material/theme": "0.41.0",
        "@material/typography": "0.41.0",
        "focus-trap": "3.0.0"
      },
      "dependencies": {
        "focus-trap": {
          "version": "3.0.0",
          "resolved": "https://registry.npmjs.org/focus-trap/-/focus-trap-3.0.0.tgz",
          "integrity": "sha512-jTFblf0tLWbleGjj2JZsAKbgtZTdL1uC48L8FcmSDl4c2vDoU4NycN1kgV5vJhuq1mxNFkw7uWZ1JAGlINWvyw==",
          "requires": {
            "tabbable": "3.1.1",
            "xtend": "4.0.1"
          }
        },
        "tabbable": {
          "version": "3.1.1",
          "resolved": "https://registry.npmjs.org/tabbable/-/tabbable-3.1.1.tgz",
          "integrity": "sha512-583MHIOwictf7+zbxqO/L5fBqMN6Li4SJ1XTKQA9WzHRA7c2BB+D+Ny7Y6kGqU2u+rHK59+oRzrBvMU53aZz+A=="
        }
      }
    },
    "@material/elevation": {
      "version": "0.41.0",
      "resolved": "https://registry.npmjs.org/@material/elevation/-/elevation-0.41.0.tgz",
      "integrity": "sha512-ZtZS8z5ie9c7Cx5PVudgSorGYa0C3lu3dA+Nn6qJdhGUokl01msh54NfNuwk+EZsk65bNRRqw1Td/63TCbKIzg==",
      "requires": {
        "@material/animation": "0.41.0",
        "@material/theme": "0.41.0"
      }
    },
    "@material/fab": {
      "version": "0.41.0",
      "resolved": "https://registry.npmjs.org/@material/fab/-/fab-0.41.0.tgz",
      "integrity": "sha512-SY/XhkFqlbT8byz0wVJF6vPoGQQRwcTpA7toK1WexW87tSme8KE17yAGJxsZYzIOOFZqW1xF+aDajWdaWyDZdQ==",
      "requires": {
        "@material/animation": "0.41.0",
        "@material/elevation": "0.41.0",
        "@material/ripple": "0.41.0",
        "@material/rtl": "0.40.1",
        "@material/shape": "0.41.0",
        "@material/theme": "0.41.0",
        "@material/typography": "0.41.0"
      }
    },
    "@material/floating-label": {
      "version": "0.41.0",
      "resolved": "https://registry.npmjs.org/@material/floating-label/-/floating-label-0.41.0.tgz",
      "integrity": "sha512-qI6f1nZU3crXxWAI9fw3U5fHw2qOzEor49EvskbcaV5KSRW5qO+jtfUQ3ib/Vhki7lqhgwNHB/0n7KYhvhjRHQ==",
      "requires": {
        "@material/animation": "0.41.0",
        "@material/base": "0.41.0",
        "@material/rtl": "0.40.1",
        "@material/theme": "0.41.0",
        "@material/typography": "0.41.0"
      }
    },
    "@material/form-field": {
      "version": "0.41.0",
      "resolved": "https://registry.npmjs.org/@material/form-field/-/form-field-0.41.0.tgz",
      "integrity": "sha512-vNduTfxS1KHCt/NATfX56m7iSXqcemrDq3NMX0txijUQyZ3Sr4xdUQdys+2ky/rBuQTVqBBsc9ixIyHehECaoQ==",
      "requires": {
        "@material/base": "0.41.0",
        "@material/rtl": "0.40.1",
        "@material/selection-control": "0.41.0",
        "@material/theme": "0.41.0",
        "@material/typography": "0.41.0"
      }
    },
    "@material/grid-list": {
      "version": "0.41.0",
      "resolved": "https://registry.npmjs.org/@material/grid-list/-/grid-list-0.41.0.tgz",
      "integrity": "sha512-vs0UyvfswW/nyPAoYLRIWEvMmfZUSKVOUSTnHC+PsZ5aXTwGCiCdUugMZdQVhPp9NkxW5mqmCCVroD5eH/yd4g==",
      "requires": {
        "@material/base": "0.41.0",
        "@material/rtl": "0.40.1",
        "@material/theme": "0.41.0",
        "@material/typography": "0.41.0"
      }
    },
    "@material/icon-button": {
      "version": "0.41.0",
      "resolved": "https://registry.npmjs.org/@material/icon-button/-/icon-button-0.41.0.tgz",
      "integrity": "sha512-RzGSH97aUcTW4he+uU8ahT75DEn6+29L0hH4PBKe03/R/qHFfOrWfjfd03PPiCkaT5SNkPkt1YnfEPqKolnH1Q==",
      "requires": {
        "@material/base": "0.41.0",
        "@material/ripple": "0.41.0",
        "@material/theme": "0.41.0"
      }
    },
    "@material/icon-toggle": {
      "version": "0.41.0",
      "resolved": "https://registry.npmjs.org/@material/icon-toggle/-/icon-toggle-0.41.0.tgz",
      "integrity": "sha512-kNB5mRwCtppNYqcMWZM1vbCymjiWTaWFMGrVSMy++y0a6BU1YAJSnDyw+8Yr0PINGcU5+ecwEYdNsaY8K83enw==",
      "requires": {
        "@material/animation": "0.41.0",
        "@material/base": "0.41.0",
        "@material/ripple": "0.41.0",
        "@material/theme": "0.41.0"
      }
    },
    "@material/image-list": {
      "version": "0.41.0",
      "resolved": "https://registry.npmjs.org/@material/image-list/-/image-list-0.41.0.tgz",
      "integrity": "sha512-j3V51PYdfhHB6CWfy076BYT4jHJMqQ86zOpv2OtsjexDc3JPQImB/v/+y018tyDCGOuwjWLoCUi+szTbtzCeQA==",
      "requires": {
        "@material/shape": "0.41.0",
        "@material/theme": "0.41.0",
        "@material/typography": "0.41.0"
      }
    },
    "@material/layout-grid": {
      "version": "0.41.0",
      "resolved": "https://registry.npmjs.org/@material/layout-grid/-/layout-grid-0.41.0.tgz",
      "integrity": "sha512-Sa5RNoTGgfIojqJ9E94p7/k11V6q/tGk7HwKi4AQNAPjxield0zcl3G/SbsSb8YSHoK+D+7OXDN+n11x6EqF7g=="
    },
    "@material/line-ripple": {
      "version": "0.41.0",
      "resolved": "https://registry.npmjs.org/@material/line-ripple/-/line-ripple-0.41.0.tgz",
      "integrity": "sha512-5DDIoC3d78fCLhNgle7DRFojT3D2SF+XVpUd3g6yLZmybHB7832p4bgl/qGpbIXwk1wAQA1dkUgKH5foxorjNQ==",
      "requires": {
        "@material/animation": "0.41.0",
        "@material/base": "0.41.0",
        "@material/theme": "0.41.0"
      }
    },
    "@material/linear-progress": {
      "version": "0.41.0",
      "resolved": "https://registry.npmjs.org/@material/linear-progress/-/linear-progress-0.41.0.tgz",
      "integrity": "sha512-yWnJK58QfovYNJXANGfKWcyC5k9IqBFvygYa2EYQSH/MZbIvd84+MIn0fJO9xsRza79BA8Xh2tFIdTFy4+2Ctg==",
      "requires": {
        "@material/animation": "0.41.0",
        "@material/base": "0.41.0",
        "@material/theme": "0.41.0"
      }
    },
    "@material/list": {
      "version": "0.41.0",
      "resolved": "https://registry.npmjs.org/@material/list/-/list-0.41.0.tgz",
      "integrity": "sha512-HhYN0I02CTT8j91c1eeeI+L2KXVKdfzj0Zuapp2SdeCmQZLJO2tu2NYj0W6REBDTVBWBccr12Sn8o71CodEScQ==",
      "requires": {
        "@material/base": "0.41.0",
        "@material/dom": "0.41.0",
        "@material/ripple": "0.41.0",
        "@material/rtl": "0.40.1",
        "@material/shape": "0.41.0",
        "@material/theme": "0.41.0",
        "@material/typography": "0.41.0"
      }
    },
    "@material/menu": {
      "version": "0.41.0",
      "resolved": "https://registry.npmjs.org/@material/menu/-/menu-0.41.0.tgz",
      "integrity": "sha512-w8UFEnTWzOWl1hRx06tFBqAY4I0vYmbDIVwxO8g1CIgQkfG2dIXjJUfVvlYf9NzZ0VOyyKMh69MmMA5KP+HgAw==",
      "requires": {
        "@material/base": "0.41.0",
        "@material/list": "0.41.0",
        "@material/menu-surface": "0.41.0",
        "@material/ripple": "0.41.0",
        "@material/rtl": "0.40.1"
      }
    },
    "@material/menu-surface": {
      "version": "0.41.0",
      "resolved": "https://registry.npmjs.org/@material/menu-surface/-/menu-surface-0.41.0.tgz",
      "integrity": "sha512-HiGFrEIF8DCfEtS8mRtc6MCcK2CJNCh0U6KWWeSIXv+9nW2oiN09piuULXM7aU46wETvfweVcgvHNJvBAXnXjQ==",
      "requires": {
        "@material/animation": "0.41.0",
        "@material/base": "0.41.0",
        "@material/elevation": "0.41.0",
        "@material/rtl": "0.40.1",
        "@material/shape": "0.41.0",
        "@material/theme": "0.41.0"
      }
    },
    "@material/mwc-base": {
      "version": "0.3.2",
      "resolved": "https://registry.npmjs.org/@material/mwc-base/-/mwc-base-0.3.2.tgz",
      "integrity": "sha512-RSVoiJhWjul07h472QbJ6P4oGGjr+RAg5D7WqIMykxAMXtZYw+CvpUr8M8BIKvYnfT+KOpNzLebT75AtGzMbfQ==",
      "requires": {
        "@polymer/lit-element": "0.6.3",
        "lit-html": "0.13.0"
      }
    },
    "@material/mwc-button": {
      "version": "0.3.2",
      "resolved": "https://registry.npmjs.org/@material/mwc-button/-/mwc-button-0.3.2.tgz",
      "integrity": "sha512-Cr4uQ1AVpJPqklp1RjCOwG+KEbRMV0zXhDS8VkhlFS4gT4B/FxtpNqM3ItNfU46k+NASgM4zWCNz66+lbESwBA==",
      "requires": {
        "@material/button": "0.40.1",
        "@material/mwc-base": "0.3.2",
        "@material/mwc-icon": "0.3.2",
        "@material/mwc-ripple": "0.3.2",
        "@polymer/lit-element": "0.6.3",
        "lit-html": "0.13.0"
      },
      "dependencies": {
        "@material/animation": {
          "version": "0.40.1",
          "resolved": "https://registry.npmjs.org/@material/animation/-/animation-0.40.1.tgz",
          "integrity": "sha512-HtxFUw04EHg4S6pXfTA3Z0wKxnNDNcDhe1Np2Y2geo+lAk2Hb7m8yCL/GaL9o2I/eRYsgUXC0U7+Mk74GCz3zw=="
        },
        "@material/base": {
          "version": "0.40.1",
          "resolved": "https://registry.npmjs.org/@material/base/-/base-0.40.1.tgz",
          "integrity": "sha512-vrbOK8hONVCYgURQ9h7nkXvMdYnZVVNmAfFFijF8fbWQdwnoPcNTdqV6RoQlhBEqHYHQqLNfdUDlznAPKLclGQ=="
        },
        "@material/button": {
          "version": "0.40.1",
          "resolved": "https://registry.npmjs.org/@material/button/-/button-0.40.1.tgz",
          "integrity": "sha512-xLNjq9zySnpZAP4UynyeXnnlLXf3iIA/6ilecwgF4d2ooUmNXcRdlRa8wGYT36JHsCfsP3AeZOjoTZUcmaiejw==",
          "requires": {
            "@material/elevation": "0.40.1",
            "@material/ripple": "0.40.1",
            "@material/rtl": "0.40.1",
            "@material/shape": "0.40.1",
            "@material/theme": "0.40.1",
            "@material/typography": "0.40.1"
          }
        },
        "@material/elevation": {
          "version": "0.40.1",
          "resolved": "https://registry.npmjs.org/@material/elevation/-/elevation-0.40.1.tgz",
          "integrity": "sha512-VD9ii90WzI+t4df08A9hQIsYLH/N+85a2Mqo10CNVZLZYW5fDOwFH/h7553aNoAuSHKPcGCLdyav9J9oC6TSaQ==",
          "requires": {
            "@material/animation": "0.40.1",
            "@material/theme": "0.40.1"
          }
        },
        "@material/ripple": {
          "version": "0.40.1",
          "resolved": "https://registry.npmjs.org/@material/ripple/-/ripple-0.40.1.tgz",
          "integrity": "sha512-sndeTS4VHa0v1UGj7MNcxMCuO9LJ1DjoL1EjE6BH3Lm3M1MnXJHdsBo2CgPbU/FI84tt6+eyHGOYPdPrEDJhCA==",
          "requires": {
            "@material/animation": "0.40.1",
            "@material/base": "0.40.1",
            "@material/theme": "0.40.1"
          }
        },
        "@material/shape": {
          "version": "0.40.1",
          "resolved": "https://registry.npmjs.org/@material/shape/-/shape-0.40.1.tgz",
          "integrity": "sha512-o1pw5+s/jWqsKbUAkCCaEcB8XLqJ4FlZhYfSvxZ88WRw9zoWOt9iQMMP82wLWhUX1DSzpNRI8BAD7aNLK6yRlA=="
        },
        "@material/theme": {
          "version": "0.40.1",
          "resolved": "https://registry.npmjs.org/@material/theme/-/theme-0.40.1.tgz",
          "integrity": "sha512-cH1CsGIDisEQ2oroZhLTypV0Ir00x3WIwFXnPo7qv3832tuIDkZY623U3rUax6KNPz4Hh1j0tNpTwgrNZwvwWA=="
        },
        "@material/typography": {
          "version": "0.40.1",
          "resolved": "https://registry.npmjs.org/@material/typography/-/typography-0.40.1.tgz",
          "integrity": "sha512-LkW2tAsId8zGKxGA5VIFXV/D1h4vCHQIuALRMaDpHbNGffgr2ubtJNvCh2EQkm19MTv4igVLEjn1Svh0dXcTpA=="
        }
      }
    },
    "@material/mwc-icon": {
      "version": "0.3.2",
      "resolved": "https://registry.npmjs.org/@material/mwc-icon/-/mwc-icon-0.3.2.tgz",
      "integrity": "sha512-heKmxQ6bWd21uTjL3wNcBVhiYX9ezi9zhyDrnIBSB306Np2dm0X/8j/Aa+f+KDea69JgFhxxDGmiFZ/Md8eMGg==",
      "requires": {
        "@material/mwc-base": "0.3.2",
        "@polymer/lit-element": "0.6.3"
      }
    },
    "@material/mwc-ripple": {
      "version": "0.3.2",
      "resolved": "https://registry.npmjs.org/@material/mwc-ripple/-/mwc-ripple-0.3.2.tgz",
      "integrity": "sha512-NFotUuCGec8TSB2n3xNL5HfE2d7+iUoq8EetbhNzOf7x7cWwDxKeRHvapWqWuoHvpUWK8ineALAO0nM2DIVtvA==",
      "requires": {
        "@material/mwc-base": "0.3.2",
        "@material/ripple": "0.40.1",
        "@polymer/lit-element": "0.6.3",
        "lit-html": "0.13.0"
      },
      "dependencies": {
        "@material/animation": {
          "version": "0.40.1",
          "resolved": "https://registry.npmjs.org/@material/animation/-/animation-0.40.1.tgz",
          "integrity": "sha512-HtxFUw04EHg4S6pXfTA3Z0wKxnNDNcDhe1Np2Y2geo+lAk2Hb7m8yCL/GaL9o2I/eRYsgUXC0U7+Mk74GCz3zw=="
        },
        "@material/base": {
          "version": "0.40.1",
          "resolved": "https://registry.npmjs.org/@material/base/-/base-0.40.1.tgz",
          "integrity": "sha512-vrbOK8hONVCYgURQ9h7nkXvMdYnZVVNmAfFFijF8fbWQdwnoPcNTdqV6RoQlhBEqHYHQqLNfdUDlznAPKLclGQ=="
        },
        "@material/ripple": {
          "version": "0.40.1",
          "resolved": "https://registry.npmjs.org/@material/ripple/-/ripple-0.40.1.tgz",
          "integrity": "sha512-sndeTS4VHa0v1UGj7MNcxMCuO9LJ1DjoL1EjE6BH3Lm3M1MnXJHdsBo2CgPbU/FI84tt6+eyHGOYPdPrEDJhCA==",
          "requires": {
            "@material/animation": "0.40.1",
            "@material/base": "0.40.1",
            "@material/theme": "0.40.1"
          }
        },
        "@material/theme": {
          "version": "0.40.1",
          "resolved": "https://registry.npmjs.org/@material/theme/-/theme-0.40.1.tgz",
          "integrity": "sha512-cH1CsGIDisEQ2oroZhLTypV0Ir00x3WIwFXnPo7qv3832tuIDkZY623U3rUax6KNPz4Hh1j0tNpTwgrNZwvwWA=="
        }
      }
    },
    "@material/notched-outline": {
      "version": "0.41.0",
      "resolved": "https://registry.npmjs.org/@material/notched-outline/-/notched-outline-0.41.0.tgz",
      "integrity": "sha512-nQBkOXvkd5G9FeJ9UuecZh88WRgTsnGVvfj7UFJZEkvkzZwLBGUiJS6fF9FYraih3ZFgmphdbJxXEd9af3cqyQ==",
      "requires": {
        "@material/animation": "0.41.0",
        "@material/base": "0.41.0",
        "@material/rtl": "0.40.1",
        "@material/shape": "0.41.0",
        "@material/theme": "0.41.0"
      }
    },
    "@material/radio": {
      "version": "0.41.0",
      "resolved": "https://registry.npmjs.org/@material/radio/-/radio-0.41.0.tgz",
      "integrity": "sha512-nJvVVu2x2lAttUNnJczpZzKWK+3lEw/BOYsSLVSYp1qUlIQsOfQ6aItI7URokbLkQDqDqlsNmvGP5JJv/Cpksw==",
      "requires": {
        "@material/animation": "0.41.0",
        "@material/base": "0.41.0",
        "@material/ripple": "0.41.0",
        "@material/selection-control": "0.41.0",
        "@material/theme": "0.41.0"
      }
    },
    "@material/ripple": {
      "version": "0.41.0",
      "resolved": "https://registry.npmjs.org/@material/ripple/-/ripple-0.41.0.tgz",
      "integrity": "sha512-rxEUVWM4AByDlTCH0kkthZQmUuY6eeN0X6cOHBoioFN2vUDk0D0Nfzz/N9FF2AlAf8C2lDDLrTuqnJPVIn+NHA==",
      "requires": {
        "@material/animation": "0.41.0",
        "@material/base": "0.41.0",
        "@material/theme": "0.41.0"
      }
    },
    "@material/rtl": {
      "version": "0.40.1",
      "resolved": "https://registry.npmjs.org/@material/rtl/-/rtl-0.40.1.tgz",
      "integrity": "sha512-Pk6Iw1/KrhWZoZtkDsPMDUW0bm7Z1zeXb3MTQRCFmjf1wU5cRxgOTtuoZLcJqlcKGppLAzJL/TJV3E7KEiuL0A=="
    },
    "@material/select": {
      "version": "0.41.0",
      "resolved": "https://registry.npmjs.org/@material/select/-/select-0.41.0.tgz",
      "integrity": "sha512-MAU/EHGT1QmBlDvvKI1X7M0ua9w8RqP0UjDMkFxhyfA9tv7ZBS7u/z2/GBb9DUzFu2rKu9DCQ5B+GLBglukfAg==",
      "requires": {
        "@material/animation": "0.41.0",
        "@material/base": "0.41.0",
        "@material/floating-label": "0.41.0",
        "@material/line-ripple": "0.41.0",
        "@material/menu": "0.41.0",
        "@material/menu-surface": "0.41.0",
        "@material/notched-outline": "0.41.0",
        "@material/ripple": "0.41.0",
        "@material/rtl": "0.40.1",
        "@material/shape": "0.41.0",
        "@material/theme": "0.41.0",
        "@material/typography": "0.41.0"
      }
    },
    "@material/selection-control": {
      "version": "0.41.0",
      "resolved": "https://registry.npmjs.org/@material/selection-control/-/selection-control-0.41.0.tgz",
      "integrity": "sha512-rRHGiZVPoP4nxAAoeqsgTsxz9GwInGs7HIlEhPfMFygmSZVUHHsuOJXSTpOKYi8GCoKHpB0RKZsAtxM0BYAelw==",
      "requires": {
        "@material/ripple": "0.41.0"
      }
    },
    "@material/shape": {
      "version": "0.41.0",
      "resolved": "https://registry.npmjs.org/@material/shape/-/shape-0.41.0.tgz",
      "integrity": "sha512-k1K3CjOVxclfb/0r28cOa2oJpP7QMA2fP0SOS3Vh8ale5Q2jkaHTL60KX8VkHvV6rMqShpXW+60gPjoz5XRbDQ=="
    },
    "@material/slider": {
      "version": "0.41.0",
      "resolved": "https://registry.npmjs.org/@material/slider/-/slider-0.41.0.tgz",
      "integrity": "sha512-u+riWFMeEiczu9bv+Am+28ICX6ba8S55Z+c5JUFtegZNILC76DAuYe++jy0huZw4j/RJXq8hDtj4wJQwvaFTyw==",
      "requires": {
        "@material/animation": "0.41.0",
        "@material/base": "0.41.0",
        "@material/rtl": "0.40.1",
        "@material/theme": "0.41.0",
        "@material/typography": "0.41.0"
      }
    },
    "@material/snackbar": {
      "version": "0.41.0",
      "resolved": "https://registry.npmjs.org/@material/snackbar/-/snackbar-0.41.0.tgz",
      "integrity": "sha512-z44BspVFD4B3p651sF0sHYCdQXNdPJR/MkHkrHT8bXnEql7B8qpBsGRKgnPzm1kbAjG5jPkdbbwhbH04WR/0IQ==",
      "requires": {
        "@material/animation": "0.41.0",
        "@material/base": "0.41.0",
        "@material/rtl": "0.40.1",
        "@material/theme": "0.41.0",
        "@material/typography": "0.41.0"
      }
    },
    "@material/switch": {
      "version": "0.41.0",
      "resolved": "https://registry.npmjs.org/@material/switch/-/switch-0.41.0.tgz",
      "integrity": "sha512-8YTrn1oisUhp6DlB1XAPeFWVr5nD88jlq9FoTVQOtGaUxaEybQD0nrsYI7OwaVm4HvSnepd2zmMvbjXKbQX4XQ==",
      "requires": {
        "@material/animation": "0.41.0",
        "@material/base": "0.41.0",
        "@material/elevation": "0.41.0",
        "@material/ripple": "0.41.0",
        "@material/rtl": "0.40.1",
        "@material/selection-control": "0.41.0",
        "@material/theme": "0.41.0"
      }
    },
    "@material/tab": {
      "version": "0.41.0",
      "resolved": "https://registry.npmjs.org/@material/tab/-/tab-0.41.0.tgz",
      "integrity": "sha512-yM6eYD8Kgrk2cHa+zN3GYIK4Mt6EsSxDIpaArE6JopqRpalULjiOk83hWVPR1V95xphnzYAWM1YF6I6JexE9kw==",
      "requires": {
        "@material/base": "0.41.0",
        "@material/ripple": "0.41.0",
        "@material/rtl": "0.40.1",
        "@material/tab-indicator": "0.41.0",
        "@material/theme": "0.41.0",
        "@material/typography": "0.41.0"
      }
    },
    "@material/tab-bar": {
      "version": "0.41.0",
      "resolved": "https://registry.npmjs.org/@material/tab-bar/-/tab-bar-0.41.0.tgz",
      "integrity": "sha512-RL+0CA4ZeZAmhz3vlyFsm8h9sLim8JHTLkosfZSYRnx2o9iQHQHpV58jz76ZSWG+0iuDoHFnwZ2oNKNmImn0KQ==",
      "requires": {
        "@material/base": "0.41.0",
        "@material/elevation": "0.41.0",
        "@material/tab": "0.41.0",
        "@material/tab-scroller": "0.41.0"
      }
    },
    "@material/tab-indicator": {
      "version": "0.41.0",
      "resolved": "https://registry.npmjs.org/@material/tab-indicator/-/tab-indicator-0.41.0.tgz",
      "integrity": "sha512-IBJEO+O8OnFVgRAn4CCGccpyNPF1bvTp5+1foD46S2u7XZLD7ejfxTQhqE5HYWtVLQ3zk1aYo3+N9+oSUkpM2w==",
      "requires": {
        "@material/animation": "0.41.0",
        "@material/base": "0.41.0",
        "@material/theme": "0.41.0"
      }
    },
    "@material/tab-scroller": {
      "version": "0.41.0",
      "resolved": "https://registry.npmjs.org/@material/tab-scroller/-/tab-scroller-0.41.0.tgz",
      "integrity": "sha512-dyxaxLLSiDigIUVJ0BwqnKBtBseALrOhmPgvk6BQVDbynnRQ2bOvaNZ7cbpe3A0i8zOQGOoTZF4i9D38/iubcg==",
      "requires": {
        "@material/animation": "0.41.0",
        "@material/base": "0.41.0",
        "@material/tab": "0.41.0"
      }
    },
    "@material/textfield": {
      "version": "0.41.0",
      "resolved": "https://registry.npmjs.org/@material/textfield/-/textfield-0.41.0.tgz",
      "integrity": "sha512-kJ52W2gxOS2xfpreVhvHQ1u3UkiDl58duw9HkhEkK5Oi1bSDOtbnlWy0pGTOiAma5ZQgetPNgoa+T0zMBptfnw==",
      "requires": {
        "@material/animation": "0.41.0",
        "@material/base": "0.41.0",
        "@material/floating-label": "0.41.0",
        "@material/line-ripple": "0.41.0",
        "@material/notched-outline": "0.41.0",
        "@material/ripple": "0.41.0",
        "@material/rtl": "0.40.1",
        "@material/shape": "0.41.0",
        "@material/theme": "0.41.0",
        "@material/typography": "0.41.0"
      }
    },
    "@material/theme": {
      "version": "0.41.0",
      "resolved": "https://registry.npmjs.org/@material/theme/-/theme-0.41.0.tgz",
      "integrity": "sha512-ohW2JxObKOWvP34EkIIcrEVtL3g0Gs/T3/MdOsM36euyshY8Jwl1f6fjVUQvVjSpixUtSb30/+ulblF8fTOwBg=="
    },
    "@material/toolbar": {
      "version": "0.41.0",
      "resolved": "https://registry.npmjs.org/@material/toolbar/-/toolbar-0.41.0.tgz",
      "integrity": "sha512-fAZSGM9xyVNI8FI92kmmvNCV4fzEWJBd1q9qMOqbna5AVtbJRNlGSY5HNgEi0vHi/nmY3UXD+VvDbLgoTXtdGg==",
      "requires": {
        "@material/base": "0.41.0",
        "@material/elevation": "0.41.0",
        "@material/ripple": "0.41.0",
        "@material/rtl": "0.40.1",
        "@material/theme": "0.41.0",
        "@material/typography": "0.41.0"
      }
    },
    "@material/top-app-bar": {
      "version": "0.41.0",
      "resolved": "https://registry.npmjs.org/@material/top-app-bar/-/top-app-bar-0.41.0.tgz",
      "integrity": "sha512-U3MK6pdzyfXC3zttsrEYihzR7aRqnKM3w2MWRwI0iub/lFygVOSa4qQfaJhwjz9TTyxB8tdtZOXBpEVDsH+xmA==",
      "requires": {
        "@material/animation": "0.41.0",
        "@material/base": "0.41.0",
        "@material/elevation": "0.41.0",
        "@material/ripple": "0.41.0",
        "@material/rtl": "0.40.1",
        "@material/shape": "0.41.0",
        "@material/theme": "0.41.0",
        "@material/typography": "0.41.0"
      }
    },
    "@material/typography": {
      "version": "0.41.0",
      "resolved": "https://registry.npmjs.org/@material/typography/-/typography-0.41.0.tgz",
      "integrity": "sha512-15dlqSU+9uGcWdg4KXXcmDzTKJPb7/5Z9kmooONb2Laot1uiuntDXQS0yL+U2FYLW5Ros+WVMosDBKFruWx68A=="
    },
    "@polymer/lit-element": {
      "version": "0.6.3",
      "resolved": "https://registry.npmjs.org/@polymer/lit-element/-/lit-element-0.6.3.tgz",
      "integrity": "sha512-f7MNsgaliRN+g5MFbwKiTWTTWf3GrhYNB/3fAHM7t77TXTSbQ8MXHy2HXfQvPEHwjgen1o2CocaCTSGl/zzJ3g==",
      "requires": {
        "lit-html": "0.13.0"
      }
    },
    "@webcomponents/webcomponentsjs": {
      "version": "2.2.0",
      "resolved": "https://registry.npmjs.org/@webcomponents/webcomponentsjs/-/webcomponentsjs-2.2.0.tgz",
      "integrity": "sha512-WYW4VT4lk0Qk6apSS/mU/wRh4CP+DxJ7FeU1pxmXIdon64+GMMSx6llVyW3jLD4cTwENu2sN23+iIxoRJwTtsw=="
    },
    "focus-trap": {
      "version": "2.4.6",
      "resolved": "https://registry.npmjs.org/focus-trap/-/focus-trap-2.4.6.tgz",
      "integrity": "sha512-vWZTPtBU6pBoyWZDRZJHkXsyP2ZCZBHE3DRVXnSVdQKH/mcDtu9S5Kz8CUDyIqpfZfLEyI9rjKJLnc4Y40BRBg==",
      "requires": {
        "tabbable": "1.1.3"
      }
    },
    "lit-html": {
      "version": "0.13.0",
      "resolved": "https://registry.npmjs.org/lit-html/-/lit-html-0.13.0.tgz",
      "integrity": "sha512-p3R2ji/ucNVG5skguy8WufmSYIdMiTTb9ObUVYM2bOuvIXzDnUiePXGwP5BDbKssW1K6fw1Oj/M07FzdPLsTXw=="
    },
    "material-components-web": {
      "version": "0.41.1",
      "resolved": "https://registry.npmjs.org/material-components-web/-/material-components-web-0.41.1.tgz",
      "integrity": "sha512-/LGHx4GlGeQz7oYWGNU6OJ3lkDSZs7J+2B9jdIkRmTdvAuHJwiZzeDWAywo5s9IOmg2OSmAOdUCcoAkoagYFKg==",
      "requires": {
        "@material/animation": "0.41.0",
        "@material/auto-init": "0.41.0",
        "@material/base": "0.41.0",
        "@material/button": "0.41.0",
        "@material/card": "0.41.1",
        "@material/checkbox": "0.41.0",
        "@material/chips": "0.41.0",
        "@material/dialog": "0.41.0",
        "@material/dom": "0.41.0",
        "@material/drawer": "0.41.1",
        "@material/elevation": "0.41.0",
        "@material/fab": "0.41.0",
        "@material/floating-label": "0.41.0",
        "@material/form-field": "0.41.0",
        "@material/grid-list": "0.41.0",
        "@material/icon-button": "0.41.0",
        "@material/icon-toggle": "0.41.0",
        "@material/image-list": "0.41.0",
        "@material/layout-grid": "0.41.0",
        "@material/line-ripple": "0.41.0",
        "@material/linear-progress": "0.41.0",
        "@material/list": "0.41.0",
        "@material/menu": "0.41.0",
        "@material/menu-surface": "0.41.0",
        "@material/notched-outline": "0.41.0",
        "@material/radio": "0.41.0",
        "@material/ripple": "0.41.0",
        "@material/rtl": "0.40.1",
        "@material/select": "0.41.0",
        "@material/selection-control": "0.41.0",
        "@material/shape": "0.41.0",
        "@material/slider": "0.41.0",
        "@material/snackbar": "0.41.0",
        "@material/switch": "0.41.0",
        "@material/tab": "0.41.0",
        "@material/tab-bar": "0.41.0",
        "@material/tab-indicator": "0.41.0",
        "@material/tab-scroller": "0.41.0",
        "@material/textfield": "0.41.0",
        "@material/theme": "0.41.0",
        "@material/toolbar": "0.41.0",
        "@material/top-app-bar": "0.41.0",
        "@material/typography": "0.41.0"
      }
    },
    "tabbable": {
      "version": "1.1.3",
      "resolved": "https://registry.npmjs.org/tabbable/-/tabbable-1.1.3.tgz",
      "integrity": "sha512-nOWwx35/JuDI4ONuF0ZTo6lYvI0fY0tZCH1ErzY2EXfu4az50ZyiUX8X073FLiZtmWUVlkRnuXsehjJgCw9tYg=="
    },
    "xtend": {
      "version": "4.0.1",
      "resolved": "https://registry.npmjs.org/xtend/-/xtend-4.0.1.tgz",
      "integrity": "sha1-pcbVMr5lbiPbgg77lDofBJmNY68="
    }
  }
}
